
Microsoft Visual Studio Solution File, Format Version 12.00
# Visual Studio 2012
Project("{8BC9CEB8-8B4A-11D0-8D11-00A0C91BC942}") = "CalendarBuddy", "CalendarBuddy\CalendarBuddy.vcxproj", "{DD5EF8D7-ADC3-4A7A-B0E2-322A9595424D}"
EndProject
Global
	GlobalSection(SolutionConfigurationPlatforms) = preSolution
		Debug|Win32 = Debug|Win32
		Release|Win32 = Release|Win32
	EndGlobalSection
	GlobalSection(ProjectConfigurationPlatforms) = postSolution
		{DD5EF8D7-ADC3-4A7A-B0E2-322A9595424D}.Debug|Win32.ActiveCfg = Debug|Win32
		{DD5EF8D7-ADC3-4A7A-B0E2-322A9595424D}.Debug|Win32.Build.0 = Debug|Win32
		{DD5EF8D7-ADC3-4A7A-B0E2-322A9595424D}.Release|Win32.ActiveCfg = Release|Win32
		{DD5EF8D7-ADC3-4A7A-B0E2-322A9595424D}.Release|Win32.Build.0 = Release|Win32
	EndGlobalSection
	GlobalSection(SolutionProperties) = preSolution
		HideSolutionNode = FALSE
	EndGlobalSection
EndGlobal
